// !$*UTF8*$!
{
	archiveVersion = 1;
	classes = {
	};
	objectVersion = 46;
	objects = {

/* Begin PBXBuildFile section */
		5485AEEC16F0F058008539A1 /* UIKit.framework in Frameworks */ = {isa = PBXBuildFile; fileRef = 5485AEEB16F0F058008539A1 /* UIKit.framework */; };
		5485AEEE16F0F058008539A1 /* Foundation.framework in Frameworks */ = {isa = PBXBuildFile; fileRef = 5485AEED16F0F058008539A1 /* Foundation.framework */; };
		5485AEF016F0F058008539A1 /* CoreGraphics.framework in Frameworks */ = {isa = PBXBuildFile; fileRef = 5485AEEF16F0F058008539A1 /* CoreGraphics.framework */; };
		5485AEF616F0F058008539A1 /* InfoPlist.strings in Resources */ = {isa = PBXBuildFile; fileRef = 5485AEF416F0F058008539A1 /* InfoPlist.strings */; };
		5485AEF816F0F058008539A1 /* main.m in Sources */ = {isa = PBXBuildFile; fileRef = 5485AEF716F0F058008539A1 /* main.m */; };
		5485AEFC16F0F058008539A1 /* AppDelegate.m in Sources */ = {isa = PBXBuildFile; fileRef = 5485AEFB16F0F058008539A1 /* AppDelegate.m */; };
		5485AEFE16F0F058008539A1 /* Default.png in Resources */ = {isa = PBXBuildFile; fileRef = 5485AEFD16F0F058008539A1 /* Default.png */; };
		5485AF0016F0F058008539A1 /* Default@2x.png in Resources */ = {isa = PBXBuildFile; fileRef = 5485AEFF16F0F058008539A1 /* Default@2x.png */; };
		5485AF0216F0F058008539A1 /* Default-568h@2x.png in Resources */ = {isa = PBXBuildFile; fileRef = 5485AF0116F0F058008539A1 /* Default-568h@2x.png */; };
		5485AF0516F0F058008539A1 /* MainStoryboard.storyboard in Resources */ = {isa = PBXBuildFile; fileRef = 5485AF0316F0F058008539A1 /* MainStoryboard.storyboard */; };
		5485AF0816F0F058008539A1 /* FirstViewController.m in Sources */ = {isa = PBXBuildFile; fileRef = 5485AF0716F0F058008539A1 /* FirstViewController.m */; };
		5485AF0A16F0F058008539A1 /* first.png in Resources */ = {isa = PBXBuildFile; fileRef = 5485AF0916F0F058008539A1 /* first.png */; };
		5485AF0C16F0F058008539A1 /* first@2x.png in Resources */ = {isa = PBXBuildFile; fileRef = 5485AF0B16F0F058008539A1 /* first@2x.png */; };
		5485AF0F16F0F058008539A1 /* SecondViewController.m in Sources */ = {isa = PBXBuildFile; fileRef = 5485AF0E16F0F058008539A1 /* SecondViewController.m */; };
		5485AF1116F0F058008539A1 /* second.png in Resources */ = {isa = PBXBuildFile; fileRef = 5485AF1016F0F058008539A1 /* second.png */; };
		5485AF1316F0F058008539A1 /* second@2x.png in Resources */ = {isa = PBXBuildFile; fileRef = 5485AF1216F0F058008539A1 /* second@2x.png */; };
/* End PBXBuildFile section */

/* Begin PBXFileReference section */
		5485AEE716F0F058008539A1 /* BackSideTest1.app */ = {isa = PBXFileReference; explicitFileType = wrapper.application; includeInIndex = 0; path = BackSideTest1.app; sourceTree = BUILT_PRODUCTS_DIR; };
		5485AEEB16F0F058008539A1 /* UIKit.framework */ = {isa = PBXFileReference; lastKnownFileType = wrapper.framework; name = UIKit.framework; path = System/Library/Frameworks/UIKit.framework; sourceTree = SDKROOT; };
		5485AEED16F0F058008539A1 /* Foundation.framework */ = {isa = PBXFileReference; lastKnownFileType = wrapper.framework; name = Foundation.framework; path = System/Library/Frameworks/Foundation.framework; sourceTree = SDKROOT; };
		5485AEEF16F0F058008539A1 /* CoreGraphics.framework */ = {isa = PBXFileReference; lastKnownFileType = wrapper.framework; name = CoreGraphics.framework; path = System/Library/Frameworks/CoreGraphics.framework; sourceTree = SDKROOT; };
		5485AEF316F0F058008539A1 /* BackSideTest1-Info.plist */ = {isa = PBXFileReference; lastKnownFileType = text.plist.xml; path = "BackSideTest1-Info.plist"; sourceTree = "<group>"; };
		5485AEF516F0F058008539A1 /* en */ = {isa = PBXFileReference; lastKnownFileType = text.plist.strings; name = en; path = en.lproj/InfoPlist.strings; sourceTree = "<group>"; };
		5485AEF716F0F058008539A1 /* main.m */ = {isa = PBXFileReference; lastKnownFileType = sourcecode.c.objc; path = main.m; sourceTree = "<group>"; };
		5485AEF916F0F058008539A1 /* BackSideTest1-Prefix.pch */ = {isa = PBXFileReference; lastKnownFileType = sourcecode.c.h; path = "BackSideTest1-Prefix.pch"; sourceTree = "<group>"; };
		5485AEFA16F0F058008539A1 /* AppDelegate.h */ = {isa = PBXFileReference; lastKnownFileType = sourcecode.c.h; path = AppDelegate.h; sourceTree = "<group>"; };
		5485AEFB16F0F058008539A1 /* AppDelegate.m */ = {isa = PBXFileReference; lastKnownFileType = sourcecode.c.objc; path = AppDelegate.m; sourceTree = "<group>"; };
		5485AEFD16F0F058008539A1 /* Default.png */ = {isa = PBXFileReference; lastKnownFileType = image.png; path = Default.png; sourceTree = "<group>"; };
		5485AEFF16F0F058008539A1 /* Default@2x.png */ = {isa = PBXFileReference; lastKnownFileType = image.png; path = "Default@2x.png"; sourceTree = "<group>"; };
		5485AF0116F0F058008539A1 /* Default-568h@2x.png */ = {isa = PBXFileReference; lastKnownFileType = image.png; path = "Default-568h@2x.png"; sourceTree = "<group>"; };
		5485AF0416F0F058008539A1 /* en */ = {isa = PBXFileReference; lastKnownFileType = file.storyboard; name = en; path = en.lproj/MainStoryboard.storyboard; sourceTree = "<group>"; };
		5485AF0616F0F058008539A1 /* FirstViewController.h */ = {isa = PBXFileReference; lastKnownFileType = sourcecode.c.h; path = FirstViewController.h; sourceTree = "<group>"; };
		5485AF0716F0F058008539A1 /* FirstViewController.m */ = {isa = PBXFileReference; lastKnownFileType = sourcecode.c.objc; path = FirstViewController.m; sourceTree = "<group>"; };
		5485AF0916F0F058008539A1 /* first.png */ = {isa = PBXFileReference; lastKnownFileType = image.png; path = first.png; sourceTree = "<group>"; };
		5485AF0B16F0F058008539A1 /* first@2x.png */ = {isa = PBXFileReference; lastKnownFileType = image.png; path = "first@2x.png"; sourceTree = "<group>"; };
		5485AF0D16F0F058008539A1 /* SecondViewController.h */ = {isa = PBXFileReference; lastKnownFileType = sourcecode.c.h; path = SecondViewController.h; sourceTree = "<group>"; };
		5485AF0E16F0F058008539A1 /* SecondViewController.m */ = {isa = PBXFileReference; lastKnownFileType = sourcecode.c.objc; path = SecondViewController.m; sourceTree = "<group>"; };
		5485AF1016F0F058008539A1 /* second.png */ = {isa = PBXFileReference; lastKnownFileType = image.png; path = second.png; sourceTree = "<group>"; };
		5485AF1216F0F058008539A1 /* second@2x.png */ = {isa = PBXFileReference; lastKnownFileType = image.png; path = "second@2x.png"; sourceTree = "<group>"; };
/* End PBXFileReference section */

/* Begin PBXFrameworksBuildPhase section */
		5485AEE416F0F058008539A1 /* Frameworks */ = {
			isa = PBXFrameworksBuildPhase;
			buildActionMask = 2147483647;
			files = (
				5485AEEC16F0F058008539A1 /* UIKit.framework in Frameworks */,
				5485AEEE16F0F058008539A1 /* Foundation.framework in Frameworks */,
				5485AEF016F0F058008539A1 /* CoreGraphics.framework in Frameworks */,
			);
			runOnlyForDeploymentPostprocessing = 0;
		};
/* End PBXFrameworksBuildPhase section */

/* Begin PBXGroup section */
		5485AEDC16F0F058008539A1 = {
			isa = PBXGroup;
			children = (
				5485AEF116F0F058008539A1 /* BackSideTest1 */,
				5485AEEA16F0F058008539A1 /* Frameworks */,
				5485AEE816F0F058008539A1 /* Products */,
			);
			sourceTree = "<group>";
		};
		5485AEE816F0F058008539A1 /* Products */ = {
			isa = PBXGroup;
			children = (
				5485AEE716F0F058008539A1 /* BackSideTest1.app */,
			);
			name = Products;
			sourceTree = "<group>";
		};
		5485AEEA16F0F058008539A1 /* Frameworks */ = {
			isa = PBXGroup;
			children = (
				5485AEEB16F0F058008539A1 /* UIKit.framework */,
				5485AEED16F0F058008539A1 /* Foundation.framework */,
				5485AEEF16F0F058008539A1 /* CoreGraphics.framework */,
			);
			name = Frameworks;
			sourceTree = "<group>";
		};
		5485AEF116F0F058008539A1 /* BackSideTest1 */ = {
			isa = PBXGroup;
			children = (
				5485AEFA16F0F058008539A1 /* AppDelegate.h */,
				5485AEFB16F0F058008539A1 /* AppDelegate.m */,
				5485AF0316F0F058008539A1 /* MainStoryboard.storyboard */,
				5485AF0616F0F058008539A1 /* FirstViewController.h */,
				5485AF0716F0F058008539A1 /* FirstViewController.m */,
				5485AF0916F0F058008539A1 /* first.png */,
				5485AF0B16F0F058008539A1 /* first@2x.png */,
				5485AF0D16F0F058008539A1 /* SecondViewController.h */,
				5485AF0E16F0F058008539A1 /* SecondViewController.m */,
				5485AF1016F0F058008539A1 /* second.png */,
				5485AF1216F0F058008539A1 /* second@2x.png */,
				5485AEF216F0F058008539A1 /* Supporting Files */,
			);
			path = BackSideTest1;
			sourceTree = "<group>";
		};
		5485AEF216F0F058008539A1 /* Supporting Files */ = {
			isa = PBXGroup;
			children = (
				5485AEF316F0F058008539A1 /* BackSideTest1-Info.plist */,
				5485AEF416F0F058008539A1 /* InfoPlist.strings */,
				5485AEF716F0F058008539A1 /* main.m */,
				5485AEF916F0F058008539A1 /* BackSideTest1-Prefix.pch */,
				5485AEFD16F0F058008539A1 /* Default.png */,
				5485AEFF16F0F058008539A1 /* Default@2x.png */,
				5485AF0116F0F058008539A1 /* Default-568h@2x.png */,
			);
			name = "Supporting Files";
			sourceTree = "<group>";
		};
/* End PBXGroup section */

/* Begin PBXNativeTarget section */
		5485AEE616F0F058008539A1 /* BackSideTest1 */ = {
			isa = PBXNativeTarget;
			buildConfigurationList = 5485AF1616F0F058008539A1 /* Build configuration list for PBXNativeTarget "BackSideTest1" */;
			buildPhases = (
				5485AEE316F0F058008539A1 /* Sources */,
				5485AEE416F0F058008539A1 /* Frameworks */,
				5485AEE516F0F058008539A1 /* Resources */,
			);
			buildRules = (
			);
			dependencies = (
			);
			name = BackSideTest1;
			productName = BackSideTest1;
			productReference = 5485AEE716F0F058008539A1 /* BackSideTest1.app */;
			productType = "com.apple.product-type.application";
		};
/* End PBXNativeTarget section */

/* Begin PBXProject section */
		5485AEDE16F0F058008539A1 /* Project object */ = {
			isa = PBXProject;
			attributes = {
				LastUpgradeCheck = 0450;
				ORGANIZATIONNAME = "Tyler Laracuente";
			};
			buildConfigurationList = 5485AEE116F0F058008539A1 /* Build configuration list for PBXProject "BackSideTest1" */;
			compatibilityVersion = "Xcode 3.2";
			developmentRegion = English;
			hasScannedForEncodings = 0;
			knownRegions = (
				en,
			);
			mainGroup = 5485AEDC16F0F058008539A1;
			productRefGroup = 5485AEE816F0F058008539A1 /* Products */;
			projectDirPath = "";
			projectRoot = "";
			targets = (
				5485AEE616F0F058008539A1 /* BackSideTest1 */,
			);
		};
/* End PBXProject section */

/* Begin PBXResourcesBuildPhase section */
		5485AEE516F0F058008539A1 /* Resources */ = {
			isa = PBXResourcesBuildPhase;
			buildActionMask = 2147483647;
			files = (
				5485AEF616F0F058008539A1 /* InfoPlist.strings in Resources */,
				5485AEFE16F0F058008539A1 /* Default.png in Resources */,
				5485AF0016F0F058008539A1 /* Default@2x.png in Resources */,
				5485AF0216F0F058008539A1 /* Default-568h@2x.png in Resources */,
				5485AF0516F0F058008539A1 /* MainStoryboard.storyboard in Resources */,
				5485AF0A16F0F058008539A1 /* first.png in Resources */,
				5485AF0C16F0F058008539A1 /* first@2x.png in Resources */,
				5485AF1116F0F058008539A1 /* second.png in Resources */,
				5485AF1316F0F058008539A1 /* second@2x.png in Resources */,
			);
			runOnlyForDeploymentPostprocessing = 0;
		};
/* End PBXResourcesBuildPhase section */

/* Begin PBXSourcesBuildPhase section */
		5485AEE316F0F058008539A1 /* Sources */ = {
			isa = PBXSourcesBuildPhase;
			buildActionMask = 2147483647;
			files = (
				5485AEF816F0F058008539A1 /* main.m in Sources */,
				5485AEFC16F0F058008539A1 /* AppDelegate.m in Sources */,
				5485AF0816F0F058008539A1 /* FirstViewController.m in Sources */,
				5485AF0F16F0F058008539A1 /* SecondViewController.m in Sources */,
			);
			runOnlyForDeploymentPostprocessing = 0;
		};
/* End PBXSourcesBuildPhase section */

/* Begin PBXVariantGroup section */
		5485AEF416F0F058008539A1 /* InfoPlist.strings */ = {
			isa = PBXVariantGroup;
			children = (
				5485AEF516F0F058008539A1 /* en */,
			);
			name = InfoPlist.strings;
			sourceTree = "<group>";
		};
		5485AF0316F0F058008539A1 /* MainStoryboard.storyboard */ = {
			isa = PBXVariantGroup;
			children = (
				5485AF0416F0F058008539A1 /* en */,
			);
			name = MainStoryboard.storyboard;
			sourceTree = "<group>";
		};
/* End PBXVariantGroup section */

/* Begin XCBuildConfiguration section */
		5485AF1416F0F058008539A1 /* Debug */ = {
			isa = XCBuildConfiguration;
			buildSettings = {
				ALWAYS_SEARCH_USER_PATHS = NO;
				CLANG_CXX_LANGUAGE_STANDARD = "gnu++0x";
				CLANG_CXX_LIBRARY = "libc++";
				CLANG_ENABLE_OBJC_ARC = YES;
				CLANG_WARN_EMPTY_BODY = YES;
				CLANG_WARN__DUPLICATE_METHOD_MATCH = YES;
				"CODE_SIGN_IDENTITY[sdk=iphoneos*]" = "iPhone Developer";
				COPY_PHASE_STRIP = NO;
				GCC_C_LANGUAGE_STANDARD = gnu99;
				GCC_DYNAMIC_NO_PIC = NO;
				GCC_OPTIMIZATION_LEVEL = 0;
				GCC_PREPROCESSOR_DEFINITIONS = (
					"DEBUG=1",
					"$(inherited)",
				);
				GCC_SYMBOLS_PRIVATE_EXTERN = NO;
				GCC_WARN_ABOUT_RETURN_TYPE = YES;
				GCC_WARN_UNINITIALIZED_AUTOS = YES;
				GCC_WARN_UNUSED_VARIABLE = YES;
				IPHONEOS_DEPLOYMENT_TARGET = 6.0;
				ONLY_ACTIVE_ARCH = YES;
				SDKROOT = iphoneos;
			};
			name = Debug;
		};
		5485AF1516F0F058008539A1 /* Release */ = {
			isa = XCBuildConfiguration;
			buildSettings = {
				ALWAYS_SEARCH_USER_PATHS = NO;
				CLANG_CXX_LANGUAGE_STANDARD = "gnu++0x";
				CLANG_CXX_LIBRARY = "libc++";
				CLANG_ENABLE_OBJC_ARC = YES;
				CLANG_WARN_EMPTY_BODY = YES;
				CLANG_WARN__DUPLICATE_METHOD_MATCH = YES;
				"CODE_SIGN_IDENTITY[sdk=iphoneos*]" = "iPhone Developer";
				COPY_PHASE_STRIP = YES;
				GCC_C_LANGUAGE_STANDARD = gnu99;
				GCC_WARN_ABOUT_RETURN_TYPE = YES;
				GCC_WARN_UNINITIALIZED_AUTOS = YES;
				GCC_WARN_UNUSED_VARIABLE = YES;
				IPHONEOS_DEPLOYMENT_TARGET = 6.0;
				OTHER_CFLAGS = "-DNS_BLOCK_ASSERTIONS=1";
				SDKROOT = iphoneos;
				VALIDATE_PRODUCT = YES;
			};
			name = Release;
		};
		5485AF1716F0F058008539A1 /* Debug */ = {
			isa = XCBuildConfiguration;
			buildSettings = {
				GCC_PRECOMPILE_PREFIX_HEADER = YES;
				GCC_PREFIX_HEADER = "BackSideTest1/BackSideTest1-Prefix.pch";
				INFOPLIST_FILE = "BackSideTest1/BackSideTest1-Info.plist";
				PRODUCT_NAME = "$(TARGET_NAME)";
				WRAPPER_EXTENSION = app;
			};
			name = Debug;
		};
		5485AF1816F0F058008539A1 /* Release */ = {
			isa = XCBuildConfiguration;
			buildSettings = {
				GCC_PRECOMPILE_PREFIX_HEADER = YES;
				GCC_PREFIX_HEADER = "BackSideTest1/BackSideTest1-Prefix.pch";
				INFOPLIST_FILE = "BackSideTest1/BackSideTest1-Info.plist";
				PRODUCT_NAME = "$(TARGET_NAME)";
				WRAPPER_EXTENSION = app;
			};
			name = Release;
		};
/* End XCBuildConfiguration section */

/* Begin XCConfigurationList section */
		5485AEE116F0F058008539A1 /* Build configuration list for PBXProject "BackSideTest1" */ = {
			isa = XCConfigurationList;
			buildConfigurations = (
				5485AF1416F0F058008539A1 /* Debug */,
				5485AF1516F0F058008539A1 /* Release */,
			);
			defaultConfigurationIsVisible = 0;
			defaultConfigurationName = Release;
		};
		5485AF1616F0F058008539A1 /* Build configuration list for PBXNativeTarget "BackSideTest1" */ = {
			isa = XCConfigurationList;
			buildConfigurations = (
				5485AF1716F0F058008539A1 /* Debug */,
				5485AF1816F0F058008539A1 /* Release */,
			);
			defaultConfigurationIsVisible = 0;
		};
/* End XCConfigurationList section */
	};
	rootObject = 5485AEDE16F0F058008539A1 /* Project object */;
}
